version = 1
requires-python = ">=3.13"

[[package]]
name = "anyio"
version = "4.9.0"
source = { registry = "https://pypi.org/simple" }
dependencies = [
    { name = "idna" },
    { name = "sniffio" },
]
sdist = { url = "https://files.pythonhosted.org/packages/95/7d/4c1bd541d4dffa1b52bd83fb8527089e097a106fc90b467a7313b105f840/anyio-4.9.0.tar.gz", hash = "sha256:673c0c244e15788651a4ff38710fea9675823028a6f08a5eda409e0c9840a028", size = 190949 }
wheels = [
    { url = "https://files.pythonhosted.org/packages/a1/ee/48ca1a7c89ffec8b6a0c5d02b89c305671d5ffd8d3c94acf8b8c408575bb/anyio-4.9.0-py3-none-any.whl", hash = "sha256:9f76d541cad6e36af7beb62e978876f3b41e3e04f2c1fbf0884604c0a9c4d93c", size = 100916 },
]

[[package]]
name = "certifi"
version = "2025.6.15"
source = { registry = "https://pypi.org/simple" }
sdist = { url = "https://files.pythonhosted.org/packages/73/f7/f14b46d4bcd21092d7d3ccef689615220d8a08fb25e564b65d20738e672e/certifi-2025.6.15.tar.gz", hash = "sha256:d747aa5a8b9bbbb1bb8c22bb13e22bd1f18e9796defa16bab421f7f7a317323b", size = 158753 }
wheels = [
    { url = "https://files.pythonhosted.org/packages/84/ae/320161bd181fc06471eed047ecce67b693fd7515b16d495d8932db763426/certifi-2025.6.15-py3-none-any.whl", hash = "sha256:2e0c7ce7cb5d8f8634ca55d2ba7e6ec2689a2fd6537d8dec1296a477a4910057", size = 157650 },
]

[[package]]
name = "charset-normalizer"
version = "3.4.2"
source = { registry = "https://pypi.org/simple" }
sdist = { url = "https://files.pythonhosted.org/packages/e4/33/89c2ced2b67d1c2a61c19c6751aa8902d46ce3dacb23600a283619f5a12d/charset_normalizer-3.4.2.tar.gz", hash = "sha256:5baececa9ecba31eff645232d59845c07aa030f0c81ee70184a90d35099a0e63", size = 126367 }
wheels = [
    { url = "https://files.pythonhosted.org/packages/ea/12/a93df3366ed32db1d907d7593a94f1fe6293903e3e92967bebd6950ed12c/charset_normalizer-3.4.2-cp313-cp313-macosx_10_13_universal2.whl", hash = "sha256:926ca93accd5d36ccdabd803392ddc3e03e6d4cd1cf17deff3b989ab8e9dbcf0", size = 199622 },
    { url = "https://files.pythonhosted.org/packages/04/93/bf204e6f344c39d9937d3c13c8cd5bbfc266472e51fc8c07cb7f64fcd2de/charset_normalizer-3.4.2-cp313-cp313-manylinux_2_17_aarch64.manylinux2014_aarch64.whl", hash = "sha256:eba9904b0f38a143592d9fc0e19e2df0fa2e41c3c3745554761c5f6447eedabf", size = 143435 },
    { url = "https://files.pythonhosted.org/packages/22/2a/ea8a2095b0bafa6c5b5a55ffdc2f924455233ee7b91c69b7edfcc9e02284/charset_normalizer-3.4.2-cp313-cp313-manylinux_2_17_ppc64le.manylinux2014_ppc64le.whl", hash = "sha256:3fddb7e2c84ac87ac3a947cb4e66d143ca5863ef48e4a5ecb83bd48619e4634e", size = 153653 },
    { url = "https://files.pythonhosted.org/packages/b6/57/1b090ff183d13cef485dfbe272e2fe57622a76694061353c59da52c9a659/charset_normalizer-3.4.2-cp313-cp313-manylinux_2_17_s390x.manylinux2014_s390x.whl", hash = "sha256:98f862da73774290f251b9df8d11161b6cf25b599a66baf087c1ffe340e9bfd1", size = 146231 },
    { url = "https://files.pythonhosted.org/packages/e2/28/ffc026b26f441fc67bd21ab7f03b313ab3fe46714a14b516f931abe1a2d8/charset_normalizer-3.4.2-cp313-cp313-manylinux_2_17_x86_64.manylinux2014_x86_64.whl", hash = "sha256:6c9379d65defcab82d07b2a9dfbfc2e95bc8fe0ebb1b176a3190230a3ef0e07c", size = 148243 },
    { url = "https://files.pythonhosted.org/packages/c0/0f/9abe9bd191629c33e69e47c6ef45ef99773320e9ad8e9cb08b8ab4a8d4cb/charset_normalizer-3.4.2-cp313-cp313-manylinux_2_5_i686.manylinux1_i686.manylinux_2_17_i686.manylinux2014_i686.whl", hash = "sha256:e635b87f01ebc977342e2697d05b56632f5f879a4f15955dfe8cef2448b51691", size = 150442 },
    { url = "https://files.pythonhosted.org/packages/67/7c/a123bbcedca91d5916c056407f89a7f5e8fdfce12ba825d7d6b9954a1a3c/charset_normalizer-3.4.2-cp313-cp313-musllinux_1_2_aarch64.whl", hash = "sha256:1c95a1e2902a8b722868587c0e1184ad5c55631de5afc0eb96bc4b0d738092c0", size = 145147 },
    { url = "https://files.pythonhosted.org/packages/ec/fe/1ac556fa4899d967b83e9893788e86b6af4d83e4726511eaaad035e36595/charset_normalizer-3.4.2-cp313-cp313-musllinux_1_2_i686.whl", hash = "sha256:ef8de666d6179b009dce7bcb2ad4c4a779f113f12caf8dc77f0162c29d20490b", size = 153057 },
    { url = "https://files.pythonhosted.org/packages/2b/ff/acfc0b0a70b19e3e54febdd5301a98b72fa07635e56f24f60502e954c461/charset_normalizer-3.4.2-cp313-cp313-musllinux_1_2_ppc64le.whl", hash = "sha256:32fc0341d72e0f73f80acb0a2c94216bd704f4f0bce10aedea38f30502b271ff", size = 156454 },
    { url = "https://files.pythonhosted.org/packages/92/08/95b458ce9c740d0645feb0e96cea1f5ec946ea9c580a94adfe0b617f3573/charset_normalizer-3.4.2-cp313-cp313-musllinux_1_2_s390x.whl", hash = "sha256:289200a18fa698949d2b39c671c2cc7a24d44096784e76614899a7ccf2574b7b", size = 154174 },
    { url = "https://files.pythonhosted.org/packages/78/be/8392efc43487ac051eee6c36d5fbd63032d78f7728cb37aebcc98191f1ff/charset_normalizer-3.4.2-cp313-cp313-musllinux_1_2_x86_64.whl", hash = "sha256:4a476b06fbcf359ad25d34a057b7219281286ae2477cc5ff5e3f70a246971148", size = 149166 },
    { url = "https://files.pythonhosted.org/packages/44/96/392abd49b094d30b91d9fbda6a69519e95802250b777841cf3bda8fe136c/charset_normalizer-3.4.2-cp313-cp313-win32.whl", hash = "sha256:aaeeb6a479c7667fbe1099af9617c83aaca22182d6cf8c53966491a0f1b7ffb7", size = 98064 },
    { url = "https://files.pythonhosted.org/packages/e9/b0/0200da600134e001d91851ddc797809e2fe0ea72de90e09bec5a2fbdaccb/charset_normalizer-3.4.2-cp313-cp313-win_amd64.whl", hash = "sha256:aa6af9e7d59f9c12b33ae4e9450619cf2488e2bbe9b44030905877f0b2324980", size = 105641 },
    { url = "https://files.pythonhosted.org/packages/20/94/c5790835a017658cbfabd07f3bfb549140c3ac458cfc196323996b10095a/charset_normalizer-3.4.2-py3-none-any.whl", hash = "sha256:7f56930ab0abd1c45cd15be65cc741c28b1c9a34876ce8c17a2fa107810c0af0", size = 52626 },
]

[[package]]
name = "idna"
version = "3.10"
source = { registry = "https://pypi.org/simple" }
sdist = { url = "https://files.pythonhosted.org/packages/f1/70/7703c29685631f5a7590aa73f1f1d3fa9a380e654b86af429e0934a32f7d/idna-3.10.tar.gz", hash = "sha256:12f65c9b470abda6dc35cf8e63cc574b1c52b11df2c86030af0ac09b01b13ea9", size = 190490 }
wheels = [
    { url = "https://files.pythonhosted.org/packages/76/c6/c88e154df9c4e1a2a66ccf0005a88dfb2650c1dffb6f5ce603dfbd452ce3/idna-3.10-py3-none-any.whl", hash = "sha256:946d195a0d259cbba61165e88e65941f16e9b36ea6ddb97f00452bae8b1287d3", size = 70442 },
]

[[package]]
name = "now-playing-py"
version = "0.1.0"
source = { virtual = "." }
dependencies = [
    { name = "requests" },
    { name = "watchfiles" },
]

[package.metadata]
requires-dist = [
    { name = "requests", specifier = ">=2.32.4" },
    { name = "watchfiles", specifier = ">=1.1.0" },
]

[[package]]
name = "requests"
version = "2.32.4"
source = { registry = "https://pypi.org/simple" }
dependencies = [
    { name = "certifi" },
    { name = "charset-normalizer" },
    { name = "idna" },
    { name = "urllib3" },
]
sdist = { url = "https://files.pythonhosted.org/packages/e1/0a/929373653770d8a0d7ea76c37de6e41f11eb07559b103b1c02cafb3f7cf8/requests-2.32.4.tar.gz", hash = "sha256:27d0316682c8a29834d3264820024b62a36942083d52caf2f14c0591336d3422", size = 135258 }
wheels = [
    { url = "https://files.pythonhosted.org/packages/7c/e4/56027c4a6b4ae70ca9de302488c5ca95ad4a39e190093d6c1a8ace08341b/requests-2.32.4-py3-none-any.whl", hash = "sha256:27babd3cda2a6d50b30443204ee89830707d396671944c998b5975b031ac2b2c", size = 64847 },
]

[[package]]
name = "sniffio"
version = "1.3.1"
source = { registry = "https://pypi.org/simple" }
sdist = { url = "https://files.pythonhosted.org/packages/a2/87/a6771e1546d97e7e041b6ae58d80074f81b7d5121207425c964ddf5cfdbd/sniffio-1.3.1.tar.gz", hash = "sha256:f4324edc670a0f49750a81b895f35c3adb843cca46f0530f79fc1babb23789dc", size = 20372 }
wheels = [
    { url = "https://files.pythonhosted.org/packages/e9/44/75a9c9421471a6c4805dbf2356f7c181a29c1879239abab1ea2cc8f38b40/sniffio-1.3.1-py3-none-any.whl", hash = "sha256:2f6da418d1f1e0fddd844478f41680e794e6051915791a034ff65e5f100525a2", size = 10235 },
]

[[package]]
name = "urllib3"
version = "2.5.0"
source = { registry = "https://pypi.org/simple" }
sdist = { url = "https://files.pythonhosted.org/packages/15/22/9ee70a2574a4f4599c47dd506532914ce044817c7752a79b6a51286319bc/urllib3-2.5.0.tar.gz", hash = "sha256:3fc47733c7e419d4bc3f6b3dc2b4f890bb743906a30d56ba4a5bfa4bbff92760", size = 393185 }
wheels = [
    { url = "https://files.pythonhosted.org/packages/a7/c2/fe1e52489ae3122415c51f387e221dd0773709bad6c6cdaa599e8a2c5185/urllib3-2.5.0-py3-none-any.whl", hash = "sha256:e6b01673c0fa6a13e374b50871808eb3bf7046c4b125b216f6bf1cc604cff0dc", size = 129795 },
]

[[package]]
name = "watchfiles"
version = "1.1.0"
source = { registry = "https://pypi.org/simple" }
dependencies = [
    { name = "anyio" },
]
sdist = { url = "https://files.pythonhosted.org/packages/2a/9a/d451fcc97d029f5812e898fd30a53fd8c15c7bbd058fd75cfc6beb9bd761/watchfiles-1.1.0.tar.gz", hash = "sha256:693ed7ec72cbfcee399e92c895362b6e66d63dac6b91e2c11ae03d10d503e575", size = 94406 }
wheels = [
    { url = "https://files.pythonhosted.org/packages/d3/42/fae874df96595556a9089ade83be34a2e04f0f11eb53a8dbf8a8a5e562b4/watchfiles-1.1.0-cp313-cp313-macosx_10_12_x86_64.whl", hash = "sha256:5007f860c7f1f8df471e4e04aaa8c43673429047d63205d1630880f7637bca30", size = 402004 },
    { url = "https://files.pythonhosted.org/packages/fa/55/a77e533e59c3003d9803c09c44c3651224067cbe7fb5d574ddbaa31e11ca/watchfiles-1.1.0-cp313-cp313-macosx_11_0_arm64.whl", hash = "sha256:20ecc8abbd957046f1fe9562757903f5eaf57c3bce70929fda6c7711bb58074a", size = 393671 },
    { url = "https://files.pythonhosted.org/packages/05/68/b0afb3f79c8e832e6571022611adbdc36e35a44e14f129ba09709aa4bb7a/watchfiles-1.1.0-cp313-cp313-manylinux_2_17_aarch64.manylinux2014_aarch64.whl", hash = "sha256:f2f0498b7d2a3c072766dba3274fe22a183dbea1f99d188f1c6c72209a1063dc", size = 449772 },
    { url = "https://files.pythonhosted.org/packages/ff/05/46dd1f6879bc40e1e74c6c39a1b9ab9e790bf1f5a2fe6c08b463d9a807f4/watchfiles-1.1.0-cp313-cp313-manylinux_2_17_armv7l.manylinux2014_armv7l.whl", hash = "sha256:239736577e848678e13b201bba14e89718f5c2133dfd6b1f7846fa1b58a8532b", size = 456789 },
    { url = "https://files.pythonhosted.org/packages/8b/ca/0eeb2c06227ca7f12e50a47a3679df0cd1ba487ea19cf844a905920f8e95/watchfiles-1.1.0-cp313-cp313-manylinux_2_17_i686.manylinux2014_i686.whl", hash = "sha256:eff4b8d89f444f7e49136dc695599a591ff769300734446c0a86cba2eb2f9895", size = 482551 },
    { url = "https://files.pythonhosted.org/packages/31/47/2cecbd8694095647406645f822781008cc524320466ea393f55fe70eed3b/watchfiles-1.1.0-cp313-cp313-manylinux_2_17_ppc64le.manylinux2014_ppc64le.whl", hash = "sha256:12b0a02a91762c08f7264e2e79542f76870c3040bbc847fb67410ab81474932a", size = 597420 },
    { url = "https://files.pythonhosted.org/packages/d9/7e/82abc4240e0806846548559d70f0b1a6dfdca75c1b4f9fa62b504ae9b083/watchfiles-1.1.0-cp313-cp313-manylinux_2_17_s390x.manylinux2014_s390x.whl", hash = "sha256:29e7bc2eee15cbb339c68445959108803dc14ee0c7b4eea556400131a8de462b", size = 477950 },
    { url = "https://files.pythonhosted.org/packages/25/0d/4d564798a49bf5482a4fa9416dea6b6c0733a3b5700cb8a5a503c4b15853/watchfiles-1.1.0-cp313-cp313-manylinux_2_17_x86_64.manylinux2014_x86_64.whl", hash = "sha256:d9481174d3ed982e269c090f780122fb59cee6c3796f74efe74e70f7780ed94c", size = 451706 },
    { url = "https://files.pythonhosted.org/packages/81/b5/5516cf46b033192d544102ea07c65b6f770f10ed1d0a6d388f5d3874f6e4/watchfiles-1.1.0-cp313-cp313-musllinux_1_1_aarch64.whl", hash = "sha256:80f811146831c8c86ab17b640801c25dc0a88c630e855e2bef3568f30434d52b", size = 625814 },
    { url = "https://files.pythonhosted.org/packages/0c/dd/7c1331f902f30669ac3e754680b6edb9a0dd06dea5438e61128111fadd2c/watchfiles-1.1.0-cp313-cp313-musllinux_1_1_x86_64.whl", hash = "sha256:60022527e71d1d1fda67a33150ee42869042bce3d0fcc9cc49be009a9cded3fb", size = 622820 },
    { url = "https://files.pythonhosted.org/packages/1b/14/36d7a8e27cd128d7b1009e7715a7c02f6c131be9d4ce1e5c3b73d0e342d8/watchfiles-1.1.0-cp313-cp313-win32.whl", hash = "sha256:32d6d4e583593cb8576e129879ea0991660b935177c0f93c6681359b3654bfa9", size = 279194 },
    { url = "https://files.pythonhosted.org/packages/25/41/2dd88054b849aa546dbeef5696019c58f8e0774f4d1c42123273304cdb2e/watchfiles-1.1.0-cp313-cp313-win_amd64.whl", hash = "sha256:f21af781a4a6fbad54f03c598ab620e3a77032c5878f3d780448421a6e1818c7", size = 292349 },
    { url = "https://files.pythonhosted.org/packages/c8/cf/421d659de88285eb13941cf11a81f875c176f76a6d99342599be88e08d03/watchfiles-1.1.0-cp313-cp313-win_arm64.whl", hash = "sha256:5366164391873ed76bfdf618818c82084c9db7fac82b64a20c44d335eec9ced5", size = 283836 },
    { url = "https://files.pythonhosted.org/packages/45/10/6faf6858d527e3599cc50ec9fcae73590fbddc1420bd4fdccfebffeedbc6/watchfiles-1.1.0-cp313-cp313t-macosx_10_12_x86_64.whl", hash = "sha256:17ab167cca6339c2b830b744eaf10803d2a5b6683be4d79d8475d88b4a8a4be1", size = 400343 },
    { url = "https://files.pythonhosted.org/packages/03/20/5cb7d3966f5e8c718006d0e97dfe379a82f16fecd3caa7810f634412047a/watchfiles-1.1.0-cp313-cp313t-macosx_11_0_arm64.whl", hash = "sha256:328dbc9bff7205c215a7807da7c18dce37da7da718e798356212d22696404339", size = 392916 },
    { url = "https://files.pythonhosted.org/packages/8c/07/d8f1176328fa9e9581b6f120b017e286d2a2d22ae3f554efd9515c8e1b49/watchfiles-1.1.0-cp313-cp313t-manylinux_2_17_aarch64.manylinux2014_aarch64.whl", hash = "sha256:f7208ab6e009c627b7557ce55c465c98967e8caa8b11833531fdf95799372633", size = 449582 },
    { url = "https://files.pythonhosted.org/packages/66/e8/80a14a453cf6038e81d072a86c05276692a1826471fef91df7537dba8b46/watchfiles-1.1.0-cp313-cp313t-manylinux_2_17_armv7l.manylinux2014_armv7l.whl", hash = "sha256:a8f6f72974a19efead54195bc9bed4d850fc047bb7aa971268fd9a8387c89011", size = 456752 },
    { url = "https://files.pythonhosted.org/packages/5a/25/0853b3fe0e3c2f5af9ea60eb2e781eade939760239a72c2d38fc4cc335f6/watchfiles-1.1.0-cp313-cp313t-manylinux_2_17_i686.manylinux2014_i686.whl", hash = "sha256:d181ef50923c29cf0450c3cd47e2f0557b62218c50b2ab8ce2ecaa02bd97e670", size = 481436 },
    { url = "https://files.pythonhosted.org/packages/fe/9e/4af0056c258b861fbb29dcb36258de1e2b857be4a9509e6298abcf31e5c9/watchfiles-1.1.0-cp313-cp313t-manylinux_2_17_ppc64le.manylinux2014_ppc64le.whl", hash = "sha256:adb4167043d3a78280d5d05ce0ba22055c266cf8655ce942f2fb881262ff3cdf", size = 596016 },
    { url = "https://files.pythonhosted.org/packages/c5/fa/95d604b58aa375e781daf350897aaaa089cff59d84147e9ccff2447c8294/watchfiles-1.1.0-cp313-cp313t-manylinux_2_17_s390x.manylinux2014_s390x.whl", hash = "sha256:8c5701dc474b041e2934a26d31d39f90fac8a3dee2322b39f7729867f932b1d4", size = 476727 },
    { url = "https://files.pythonhosted.org/packages/65/95/fe479b2664f19be4cf5ceeb21be05afd491d95f142e72d26a42f41b7c4f8/watchfiles-1.1.0-cp313-cp313t-manylinux_2_17_x86_64.manylinux2014_x86_64.whl", hash = "sha256:b067915e3c3936966a8607f6fe5487df0c9c4afb85226613b520890049deea20", size = 451864 },
    { url = "https://files.pythonhosted.org/packages/d3/8a/3c4af14b93a15ce55901cd7a92e1a4701910f1768c78fb30f61d2b79785b/watchfiles-1.1.0-cp313-cp313t-musllinux_1_1_aarch64.whl", hash = "sha256:9c733cda03b6d636b4219625a4acb5c6ffb10803338e437fb614fef9516825ef", size = 625626 },
    { url = "https://files.pythonhosted.org/packages/da/f5/cf6aa047d4d9e128f4b7cde615236a915673775ef171ff85971d698f3c2c/watchfiles-1.1.0-cp313-cp313t-musllinux_1_1_x86_64.whl", hash = "sha256:cc08ef8b90d78bfac66f0def80240b0197008e4852c9f285907377b2947ffdcb", size = 622744 },
    { url = "https://files.pythonhosted.org/packages/2c/00/70f75c47f05dea6fd30df90f047765f6fc2d6eb8b5a3921379b0b04defa2/watchfiles-1.1.0-cp314-cp314-macosx_10_12_x86_64.whl", hash = "sha256:9974d2f7dc561cce3bb88dfa8eb309dab64c729de85fba32e98d75cf24b66297", size = 402114 },
    { url = "https://files.pythonhosted.org/packages/53/03/acd69c48db4a1ed1de26b349d94077cca2238ff98fd64393f3e97484cae6/watchfiles-1.1.0-cp314-cp314-macosx_11_0_arm64.whl", hash = "sha256:c68e9f1fcb4d43798ad8814c4c1b61547b014b667216cb754e606bfade587018", size = 393879 },
    { url = "https://files.pythonhosted.org/packages/2f/c8/a9a2a6f9c8baa4eceae5887fecd421e1b7ce86802bcfc8b6a942e2add834/watchfiles-1.1.0-cp314-cp314-manylinux_2_17_aarch64.manylinux2014_aarch64.whl", hash = "sha256:95ab1594377effac17110e1352989bdd7bdfca9ff0e5eeccd8c69c5389b826d0", size = 450026 },
    { url = "https://files.pythonhosted.org/packages/fe/51/d572260d98388e6e2b967425c985e07d47ee6f62e6455cefb46a6e06eda5/watchfiles-1.1.0-cp314-cp314-manylinux_2_17_armv7l.manylinux2014_armv7l.whl", hash = "sha256:fba9b62da882c1be1280a7584ec4515d0a6006a94d6e5819730ec2eab60ffe12", size = 457917 },
    { url = "https://files.pythonhosted.org/packages/c6/2d/4258e52917bf9f12909b6ec314ff9636276f3542f9d3807d143f27309104/watchfiles-1.1.0-cp314-cp314-manylinux_2_17_i686.manylinux2014_i686.whl", hash = "sha256:3434e401f3ce0ed6b42569128b3d1e3af773d7ec18751b918b89cd49c14eaafb", size = 483602 },
    { url = "https://files.pythonhosted.org/packages/84/99/bee17a5f341a4345fe7b7972a475809af9e528deba056f8963d61ea49f75/watchfiles-1.1.0-cp314-cp314-manylinux_2_17_ppc64le.manylinux2014_ppc64le.whl", hash = "sha256:fa257a4d0d21fcbca5b5fcba9dca5a78011cb93c0323fb8855c6d2dfbc76eb77", size = 596758 },
    { url = "https://files.pythonhosted.org/packages/40/76/e4bec1d59b25b89d2b0716b41b461ed655a9a53c60dc78ad5771fda5b3e6/watchfiles-1.1.0-cp314-cp314-manylinux_2_17_s390x.manylinux2014_s390x.whl", hash = "sha256:7fd1b3879a578a8ec2076c7961076df540b9af317123f84569f5a9ddee64ce92", size = 477601 },
    { url = "https://files.pythonhosted.org/packages/1f/fa/a514292956f4a9ce3c567ec0c13cce427c158e9f272062685a8a727d08fc/watchfiles-1.1.0-cp314-cp314-manylinux_2_17_x86_64.manylinux2014_x86_64.whl", hash = "sha256:62cc7a30eeb0e20ecc5f4bd113cd69dcdb745a07c68c0370cea919f373f65d9e", size = 451936 },
    { url = "https://files.pythonhosted.org/packages/32/5d/c3bf927ec3bbeb4566984eba8dd7a8eb69569400f5509904545576741f88/watchfiles-1.1.0-cp314-cp314-musllinux_1_1_aarch64.whl", hash = "sha256:891c69e027748b4a73847335d208e374ce54ca3c335907d381fde4e41661b13b", size = 626243 },
    { url = "https://files.pythonhosted.org/packages/e6/65/6e12c042f1a68c556802a84d54bb06d35577c81e29fba14019562479159c/watchfiles-1.1.0-cp314-cp314-musllinux_1_1_x86_64.whl", hash = "sha256:12fe8eaffaf0faa7906895b4f8bb88264035b3f0243275e0bf24af0436b27259", size = 623073 },
    { url = "https://files.pythonhosted.org/packages/89/ab/7f79d9bf57329e7cbb0a6fd4c7bd7d0cee1e4a8ef0041459f5409da3506c/watchfiles-1.1.0-cp314-cp314t-macosx_10_12_x86_64.whl", hash = "sha256:bfe3c517c283e484843cb2e357dd57ba009cff351edf45fb455b5fbd1f45b15f", size = 400872 },
    { url = "https://files.pythonhosted.org/packages/df/d5/3f7bf9912798e9e6c516094db6b8932df53b223660c781ee37607030b6d3/watchfiles-1.1.0-cp314-cp314t-macosx_11_0_arm64.whl", hash = "sha256:a9ccbf1f129480ed3044f540c0fdbc4ee556f7175e5ab40fe077ff6baf286d4e", size = 392877 },
    { url = "https://files.pythonhosted.org/packages/0d/c5/54ec7601a2798604e01c75294770dbee8150e81c6e471445d7601610b495/watchfiles-1.1.0-cp314-cp314t-manylinux_2_17_aarch64.manylinux2014_aarch64.whl", hash = "sha256:ba0e3255b0396cac3cc7bbace76404dd72b5438bf0d8e7cefa2f79a7f3649caa", size = 449645 },
    { url = "https://files.pythonhosted.org/packages/0a/04/c2f44afc3b2fce21ca0b7802cbd37ed90a29874f96069ed30a36dfe57c2b/watchfiles-1.1.0-cp314-cp314t-manylinux_2_17_armv7l.manylinux2014_armv7l.whl", hash = "sha256:4281cd9fce9fc0a9dbf0fc1217f39bf9cf2b4d315d9626ef1d4e87b84699e7e8", size = 457424 },
    { url = "https://files.pythonhosted.org/packages/9f/b0/eec32cb6c14d248095261a04f290636da3df3119d4040ef91a4a50b29fa5/watchfiles-1.1.0-cp314-cp314t-manylinux_2_17_i686.manylinux2014_i686.whl", hash = "sha256:6d2404af8db1329f9a3c9b79ff63e0ae7131986446901582067d9304ae8aaf7f", size = 481584 },
    { url = "https://files.pythonhosted.org/packages/d1/e2/ca4bb71c68a937d7145aa25709e4f5d68eb7698a25ce266e84b55d591bbd/watchfiles-1.1.0-cp314-cp314t-manylinux_2_17_ppc64le.manylinux2014_ppc64le.whl", hash = "sha256:e78b6ed8165996013165eeabd875c5dfc19d41b54f94b40e9fff0eb3193e5e8e", size = 596675 },
    { url = "https://files.pythonhosted.org/packages/a1/dd/b0e4b7fb5acf783816bc950180a6cd7c6c1d2cf7e9372c0ea634e722712b/watchfiles-1.1.0-cp314-cp314t-manylinux_2_17_s390x.manylinux2014_s390x.whl", hash = "sha256:249590eb75ccc117f488e2fabd1bfa33c580e24b96f00658ad88e38844a040bb", size = 477363 },
    { url = "https://files.pythonhosted.org/packages/69/c4/088825b75489cb5b6a761a4542645718893d395d8c530b38734f19da44d2/watchfiles-1.1.0-cp314-cp314t-manylinux_2_17_x86_64.manylinux2014_x86_64.whl", hash = "sha256:d05686b5487cfa2e2c28ff1aa370ea3e6c5accfe6435944ddea1e10d93872147", size = 452240 },
    { url = "https://files.pythonhosted.org/packages/10/8c/22b074814970eeef43b7c44df98c3e9667c1f7bf5b83e0ff0201b0bd43f9/watchfiles-1.1.0-cp314-cp314t-musllinux_1_1_aarch64.whl", hash = "sha256:d0e10e6f8f6dc5762adee7dece33b722282e1f59aa6a55da5d493a97282fedd8", size = 625607 },
    { url = "https://files.pythonhosted.org/packages/32/fa/a4f5c2046385492b2273213ef815bf71a0d4c1943b784fb904e184e30201/watchfiles-1.1.0-cp314-cp314t-musllinux_1_1_x86_64.whl", hash = "sha256:af06c863f152005c7592df1d6a7009c836a247c9d8adb78fef8575a5a98699db", size = 623315 },
]
